
Microsoft Visual Studio Solution File, Format Version 12.00
# Visual Studio Version 16
VisualStudioVersion = 16.0.28803.156
MinimumVisualStudioVersion = 15.0.26124.0
Project("{2150E333-8FDC-42A3-9474-1A3956D46DE8}") = "app", "app", "{E0EB0A12-22DD-40FB-A855-7505AFB79DB9}"
EndProject
Project("{2150E333-8FDC-42A3-9474-1A3956D46DE8}") = "global", "global", "{611BF28D-8649-42AB-B345-243E84BA69F8}"
	ProjectSection(SolutionItems) = preProject
		.editorconfig = .editorconfig
		.gitignore = .gitignore
		common.props = common.props
		default.ruleset = default.ruleset
		LICENSE = LICENSE
		README.md = README.md
	EndProjectSection
EndProject
Project("{2150E333-8FDC-42A3-9474-1A3956D46DE8}") = "src", "src", "{2AF97DC0-E4BE-4C22-9406-55ED3ED7FCC5}"
EndProject
Project("{9A19103F-16F7-4668-BE54-9A1E7A4F7556}") = "Barber.Core", "src\Barber.Core\Barber.Core.csproj", "{FFD59F50-DF18-45FE-8533-7BBD1F80456A}"
EndProject
Project("{9A19103F-16F7-4668-BE54-9A1E7A4F7556}") = "Barber.Cli", "app\Barber.Cli\Barber.Cli.csproj", "{2FDF2C95-43C0-4CFA-ACC9-4929B1D2AEC9}"
EndProject
Project("{9A19103F-16F7-4668-BE54-9A1E7A4F7556}") = "Barber.OpenApi", "src\Barber.OpenApi\Barber.OpenApi.csproj", "{804EE8EA-B01D-46B0-908C-75B233C758D3}"
EndProject
Project("{FAE04EC0-301F-11D3-BF4B-00C04F79EFBC}") = "Barber.OpenApi.Extensions", "src\Barber.OpenApi.Extensions\Barber.OpenApi.Extensions.csproj", "{354F6678-1687-41E8-9CBA-E8D4E436B585}"
EndProject
Global
	GlobalSection(SolutionConfigurationPlatforms) = preSolution
		Debug|Any CPU = Debug|Any CPU
		Debug|x64 = Debug|x64
		Debug|x86 = Debug|x86
		Release|Any CPU = Release|Any CPU
		Release|x64 = Release|x64
		Release|x86 = Release|x86
	EndGlobalSection
	GlobalSection(ProjectConfigurationPlatforms) = postSolution
		{FFD59F50-DF18-45FE-8533-7BBD1F80456A}.Debug|Any CPU.ActiveCfg = Debug|Any CPU
		{FFD59F50-DF18-45FE-8533-7BBD1F80456A}.Debug|Any CPU.Build.0 = Debug|Any CPU
		{FFD59F50-DF18-45FE-8533-7BBD1F80456A}.Debug|x64.ActiveCfg = Debug|Any CPU
		{FFD59F50-DF18-45FE-8533-7BBD1F80456A}.Debug|x64.Build.0 = Debug|Any CPU
		{FFD59F50-DF18-45FE-8533-7BBD1F80456A}.Debug|x86.ActiveCfg = Debug|Any CPU
		{FFD59F50-DF18-45FE-8533-7BBD1F80456A}.Debug|x86.Build.0 = Debug|Any CPU
		{FFD59F50-DF18-45FE-8533-7BBD1F80456A}.Release|Any CPU.ActiveCfg = Release|Any CPU
		{FFD59F50-DF18-45FE-8533-7BBD1F80456A}.Release|Any CPU.Build.0 = Release|Any CPU
		{FFD59F50-DF18-45FE-8533-7BBD1F80456A}.Release|x64.ActiveCfg = Release|Any CPU
		{FFD59F50-DF18-45FE-8533-7BBD1F80456A}.Release|x64.Build.0 = Release|Any CPU
		{FFD59F50-DF18-45FE-8533-7BBD1F80456A}.Release|x86.ActiveCfg = Release|Any CPU
		{FFD59F50-DF18-45FE-8533-7BBD1F80456A}.Release|x86.Build.0 = Release|Any CPU
		{2FDF2C95-43C0-4CFA-ACC9-4929B1D2AEC9}.Debug|Any CPU.ActiveCfg = Debug|Any CPU
		{2FDF2C95-43C0-4CFA-ACC9-4929B1D2AEC9}.Debug|Any CPU.Build.0 = Debug|Any CPU
		{2FDF2C95-43C0-4CFA-ACC9-4929B1D2AEC9}.Debug|x64.ActiveCfg = Debug|Any CPU
		{2FDF2C95-43C0-4CFA-ACC9-4929B1D2AEC9}.Debug|x64.Build.0 = Debug|Any CPU
		{2FDF2C95-43C0-4CFA-ACC9-4929B1D2AEC9}.Debug|x86.ActiveCfg = Debug|Any CPU
		{2FDF2C95-43C0-4CFA-ACC9-4929B1D2AEC9}.Debug|x86.Build.0 = Debug|Any CPU
		{2FDF2C95-43C0-4CFA-ACC9-4929B1D2AEC9}.Release|Any CPU.ActiveCfg = Release|Any CPU
		{2FDF2C95-43C0-4CFA-ACC9-4929B1D2AEC9}.Release|Any CPU.Build.0 = Release|Any CPU
		{2FDF2C95-43C0-4CFA-ACC9-4929B1D2AEC9}.Release|x64.ActiveCfg = Release|Any CPU
		{2FDF2C95-43C0-4CFA-ACC9-4929B1D2AEC9}.Release|x64.Build.0 = Release|Any CPU
		{2FDF2C95-43C0-4CFA-ACC9-4929B1D2AEC9}.Release|x86.ActiveCfg = Release|Any CPU
		{2FDF2C95-43C0-4CFA-ACC9-4929B1D2AEC9}.Release|x86.Build.0 = Release|Any CPU
		{804EE8EA-B01D-46B0-908C-75B233C758D3}.Debug|Any CPU.ActiveCfg = Debug|Any CPU
		{804EE8EA-B01D-46B0-908C-75B233C758D3}.Debug|Any CPU.Build.0 = Debug|Any CPU
		{804EE8EA-B01D-46B0-908C-75B233C758D3}.Debug|x64.ActiveCfg = Debug|Any CPU
		{804EE8EA-B01D-46B0-908C-75B233C758D3}.Debug|x64.Build.0 = Debug|Any CPU
		{804EE8EA-B01D-46B0-908C-75B233C758D3}.Debug|x86.ActiveCfg = Debug|Any CPU
		{804EE8EA-B01D-46B0-908C-75B233C758D3}.Debug|x86.Build.0 = Debug|Any CPU
		{804EE8EA-B01D-46B0-908C-75B233C758D3}.Release|Any CPU.ActiveCfg = Release|Any CPU
		{804EE8EA-B01D-46B0-908C-75B233C758D3}.Release|Any CPU.Build.0 = Release|Any CPU
		{804EE8EA-B01D-46B0-908C-75B233C758D3}.Release|x64.ActiveCfg = Release|Any CPU
		{804EE8EA-B01D-46B0-908C-75B233C758D3}.Release|x64.Build.0 = Release|Any CPU
		{804EE8EA-B01D-46B0-908C-75B233C758D3}.Release|x86.ActiveCfg = Release|Any CPU
		{804EE8EA-B01D-46B0-908C-75B233C758D3}.Release|x86.Build.0 = Release|Any CPU
		{354F6678-1687-41E8-9CBA-E8D4E436B585}.Debug|Any CPU.ActiveCfg = Debug|Any CPU
		{354F6678-1687-41E8-9CBA-E8D4E436B585}.Debug|Any CPU.Build.0 = Debug|Any CPU
		{354F6678-1687-41E8-9CBA-E8D4E436B585}.Debug|x64.ActiveCfg = Debug|Any CPU
		{354F6678-1687-41E8-9CBA-E8D4E436B585}.Debug|x64.Build.0 = Debug|Any CPU
		{354F6678-1687-41E8-9CBA-E8D4E436B585}.Debug|x86.ActiveCfg = Debug|Any CPU
		{354F6678-1687-41E8-9CBA-E8D4E436B585}.Debug|x86.Build.0 = Debug|Any CPU
		{354F6678-1687-41E8-9CBA-E8D4E436B585}.Release|Any CPU.ActiveCfg = Release|Any CPU
		{354F6678-1687-41E8-9CBA-E8D4E436B585}.Release|Any CPU.Build.0 = Release|Any CPU
		{354F6678-1687-41E8-9CBA-E8D4E436B585}.Release|x64.ActiveCfg = Release|Any CPU
		{354F6678-1687-41E8-9CBA-E8D4E436B585}.Release|x64.Build.0 = Release|Any CPU
		{354F6678-1687-41E8-9CBA-E8D4E436B585}.Release|x86.ActiveCfg = Release|Any CPU
		{354F6678-1687-41E8-9CBA-E8D4E436B585}.Release|x86.Build.0 = Release|Any CPU
	EndGlobalSection
	GlobalSection(SolutionProperties) = preSolution
		HideSolutionNode = FALSE
	EndGlobalSection
	GlobalSection(NestedProjects) = preSolution
		{FFD59F50-DF18-45FE-8533-7BBD1F80456A} = {2AF97DC0-E4BE-4C22-9406-55ED3ED7FCC5}
		{2FDF2C95-43C0-4CFA-ACC9-4929B1D2AEC9} = {E0EB0A12-22DD-40FB-A855-7505AFB79DB9}
		{804EE8EA-B01D-46B0-908C-75B233C758D3} = {2AF97DC0-E4BE-4C22-9406-55ED3ED7FCC5}
		{354F6678-1687-41E8-9CBA-E8D4E436B585} = {2AF97DC0-E4BE-4C22-9406-55ED3ED7FCC5}
	EndGlobalSection
	GlobalSection(ExtensibilityGlobals) = postSolution
		SolutionGuid = {BC7DEB06-43BE-40EA-90C7-FB55FB799E5F}
	EndGlobalSection
EndGlobal
